// !$*UTF8*$!
{
	archiveVersion = 1;
	classes = {
	};
	objectVersion = 55;
	objects = {

/* Begin PBXBuildFile section */
		46EDC6F627C6B8D100B870D7 /* BasicExampleApp.swift in Sources */ = {isa = PBXBuildFile; fileRef = 46EDC6F527C6B8D100B870D7 /* BasicExampleApp.swift */; };
		46EDC6F827C6B8D100B870D7 /* ContentView.swift in Sources */ = {isa = PBXBuildFile; fileRef = 46EDC6F727C6B8D100B870D7 /* ContentView.swift */; };
		46EDC6FA27C6B8D200B870D7 /* Assets.xcassets in Resources */ = {isa = PBXBuildFile; fileRef = 46EDC6F927C6B8D200B870D7 /* Assets.xcassets */; };
		46EDC6FD27C6B8D200B870D7 /* Preview Assets.xcassets in Resources */ = {isa = PBXBuildFile; fileRef = 46EDC6FC27C6B8D200B870D7 /* Preview Assets.xcassets */; };
		46EDC72127C6B92C00B870D7 /* Segment in Frameworks */ = {isa = PBXBuildFile; productRef = 46EDC72027C6B92C00B870D7 /* Segment */; };
		70D4F5DE2CC2576F0071AB53 /* SegmentBrazeUI in Frameworks */ = {isa = PBXBuildFile; productRef = 70D4F5DD2CC2576F0071AB53 /* SegmentBrazeUI */; };
		70D4F5E02CC257BD0071AB53 /* SegmentBraze in Frameworks */ = {isa = PBXBuildFile; productRef = 70D4F5DF2CC257BD0071AB53 /* SegmentBraze */; };
/* End PBXBuildFile section */

/* Begin PBXFileReference section */
		46EDC6F227C6B8D100B870D7 /* BasicExample.app */ = {isa = PBXFileReference; explicitFileType = wrapper.application; includeInIndex = 0; path = BasicExample.app; sourceTree = BUILT_PRODUCTS_DIR; };
		46EDC6F527C6B8D100B870D7 /* BasicExampleApp.swift */ = {isa = PBXFileReference; lastKnownFileType = sourcecode.swift; path = BasicExampleApp.swift; sourceTree = "<group>"; };
		46EDC6F727C6B8D100B870D7 /* ContentView.swift */ = {isa = PBXFileReference; lastKnownFileType = sourcecode.swift; path = ContentView.swift; sourceTree = "<group>"; };
		46EDC6F927C6B8D200B870D7 /* Assets.xcassets */ = {isa = PBXFileReference; lastKnownFileType = folder.assetcatalog; path = Assets.xcassets; sourceTree = "<group>"; };
		46EDC6FC27C6B8D200B870D7 /* Preview Assets.xcassets */ = {isa = PBXFileReference; lastKnownFileType = folder.assetcatalog; path = "Preview Assets.xcassets"; sourceTree = "<group>"; };
		665FF29B2A7AE8C20011A869 /* BasicExample.entitlements */ = {isa = PBXFileReference; lastKnownFileType = text.plist.entitlements; path = BasicExample.entitlements; sourceTree = "<group>"; };
		665FF29C2A7AE8C50011A869 /* Info.plist */ = {isa = PBXFileReference; lastKnownFileType = text.plist; path = Info.plist; sourceTree = "<group>"; };
		66603CB42A75F7DF009B29F2 /* analytics-swift-braze */ = {isa = PBXFileReference; lastKnownFileType = wrapper; name = "analytics-swift-braze"; path = ..; sourceTree = "<group>"; };
/* End PBXFileReference section */

/* Begin PBXFrameworksBuildPhase section */
		46EDC6EF27C6B8D100B870D7 /* Frameworks */ = {
			isa = PBXFrameworksBuildPhase;
			buildActionMask = 2147483647;
			files = (
				70D4F5E02CC257BD0071AB53 /* SegmentBraze in Frameworks */,
				46EDC72127C6B92C00B870D7 /* Segment in Frameworks */,
				70D4F5DE2CC2576F0071AB53 /* SegmentBrazeUI in Frameworks */,
			);
			runOnlyForDeploymentPostprocessing = 0;
		};
/* End PBXFrameworksBuildPhase section */

/* Begin PBXGroup section */
		46EDC6E927C6B8D100B870D7 = {
			isa = PBXGroup;
			children = (
				7BD976A02852789500486D66 /* Packages */,
				46EDC6F427C6B8D100B870D7 /* BasicExample */,
				46EDC6F327C6B8D100B870D7 /* Products */,
				7B3C818C2853F14300199D3E /* Frameworks */,
			);
			sourceTree = "<group>";
		};
		46EDC6F327C6B8D100B870D7 /* Products */ = {
			isa = PBXGroup;
			children = (
				46EDC6F227C6B8D100B870D7 /* BasicExample.app */,
			);
			name = Products;
			sourceTree = "<group>";
		};
		46EDC6F427C6B8D100B870D7 /* BasicExample */ = {
			isa = PBXGroup;
			children = (
				665FF29C2A7AE8C50011A869 /* Info.plist */,
				665FF29B2A7AE8C20011A869 /* BasicExample.entitlements */,
				46EDC6F527C6B8D100B870D7 /* BasicExampleApp.swift */,
				46EDC6F727C6B8D100B870D7 /* ContentView.swift */,
				46EDC6F927C6B8D200B870D7 /* Assets.xcassets */,
				46EDC6FB27C6B8D200B870D7 /* Preview Content */,
			);
			path = BasicExample;
			sourceTree = "<group>";
		};
		46EDC6FB27C6B8D200B870D7 /* Preview Content */ = {
			isa = PBXGroup;
			children = (
				46EDC6FC27C6B8D200B870D7 /* Preview Assets.xcassets */,
			);
			path = "Preview Content";
			sourceTree = "<group>";
		};
		7B3C818C2853F14300199D3E /* Frameworks */ = {
			isa = PBXGroup;
			children = (
			);
			name = Frameworks;
			sourceTree = "<group>";
		};
		7BD976A02852789500486D66 /* Packages */ = {
			isa = PBXGroup;
			children = (
				66603CB42A75F7DF009B29F2 /* analytics-swift-braze */,
			);
			name = Packages;
			sourceTree = "<group>";
		};
/* End PBXGroup section */

/* Begin PBXNativeTarget section */
		46EDC6F127C6B8D100B870D7 /* BasicExample */ = {
			isa = PBXNativeTarget;
			buildConfigurationList = 46EDC71627C6B8D200B870D7 /* Build configuration list for PBXNativeTarget "BasicExample" */;
			buildPhases = (
				46EDC6EE27C6B8D100B870D7 /* Sources */,
				46EDC6EF27C6B8D100B870D7 /* Frameworks */,
				46EDC6F027C6B8D100B870D7 /* Resources */,
			);
			buildRules = (
			);
			dependencies = (
			);
			name = BasicExample;
			packageProductDependencies = (
				46EDC72027C6B92C00B870D7 /* Segment */,
				70D4F5DD2CC2576F0071AB53 /* SegmentBrazeUI */,
				70D4F5DF2CC257BD0071AB53 /* SegmentBraze */,
			);
			productName = BasicExample;
			productReference = 46EDC6F227C6B8D100B870D7 /* BasicExample.app */;
			productType = "com.apple.product-type.application";
		};
/* End PBXNativeTarget section */

/* Begin PBXProject section */
		46EDC6EA27C6B8D100B870D7 /* Project object */ = {
			isa = PBXProject;
			attributes = {
				BuildIndependentTargetsInParallel = 1;
				LastSwiftUpdateCheck = 1320;
				LastUpgradeCheck = 1320;
				TargetAttributes = {
					46EDC6F127C6B8D100B870D7 = {
						CreatedOnToolsVersion = 13.2.1;
					};
				};
			};
			buildConfigurationList = 46EDC6ED27C6B8D100B870D7 /* Build configuration list for PBXProject "BasicExample" */;
			compatibilityVersion = "Xcode 13.0";
			developmentRegion = en;
			hasScannedForEncodings = 0;
			knownRegions = (
				en,
				Base,
			);
			mainGroup = 46EDC6E927C6B8D100B870D7;
			packageReferences = (
				46EDC71F27C6B92C00B870D7 /* XCRemoteSwiftPackageReference "analytics-swift" */,
			);
			productRefGroup = 46EDC6F327C6B8D100B870D7 /* Products */;
			projectDirPath = "";
			projectRoot = "";
			targets = (
				46EDC6F127C6B8D100B870D7 /* BasicExample */,
			);
		};
/* End PBXProject section */

/* Begin PBXResourcesBuildPhase section */
		46EDC6F027C6B8D100B870D7 /* Resources */ = {
			isa = PBXResourcesBuildPhase;
			buildActionMask = 2147483647;
			files = (
				46EDC6FD27C6B8D200B870D7 /* Preview Assets.xcassets in Resources */,
				46EDC6FA27C6B8D200B870D7 /* Assets.xcassets in Resources */,
			);
			runOnlyForDeploymentPostprocessing = 0;
		};
/* End PBXResourcesBuildPhase section */

/* Begin PBXSourcesBuildPhase section */
		46EDC6EE27C6B8D100B870D7 /* Sources */ = {
			isa = PBXSourcesBuildPhase;
			buildActionMask = 2147483647;
			files = (
				46EDC6F827C6B8D100B870D7 /* ContentView.swift in Sources */,
				46EDC6F627C6B8D100B870D7 /* BasicExampleApp.swift in Sources */,
			);
			runOnlyForDeploymentPostprocessing = 0;
		};
/* End PBXSourcesBuildPhase section */

/* Begin XCBuildConfiguration section */
		46EDC71427C6B8D200B870D7 /* Debug */ = {
			isa = XCBuildConfiguration;
			buildSettings = {
				ALWAYS_SEARCH_USER_PATHS = NO;
				CLANG_ANALYZER_NONNULL = YES;
				CLANG_ANALYZER_NUMBER_OBJECT_CONVERSION = YES_AGGRESSIVE;
				CLANG_CXX_LANGUAGE_STANDARD = "gnu++17";
				CLANG_CXX_LIBRARY = "libc++";
				CLANG_ENABLE_MODULES = YES;
				CLANG_ENABLE_OBJC_ARC = YES;
				CLANG_ENABLE_OBJC_WEAK = YES;
				CLANG_WARN_BLOCK_CAPTURE_AUTORELEASING = YES;
				CLANG_WARN_BOOL_CONVERSION = YES;
				CLANG_WARN_COMMA = YES;
				CLANG_WARN_CONSTANT_CONVERSION = YES;
				CLANG_WARN_DEPRECATED_OBJC_IMPLEMENTATIONS = YES;
				CLANG_WARN_DIRECT_OBJC_ISA_USAGE = YES_ERROR;
				CLANG_WARN_DOCUMENTATION_COMMENTS = YES;
				CLANG_WARN_EMPTY_BODY = YES;
				CLANG_WARN_ENUM_CONVERSION = YES;
				CLANG_WARN_INFINITE_RECURSION = YES;
				CLANG_WARN_INT_CONVERSION = YES;
				CLANG_WARN_NON_LITERAL_NULL_CONVERSION = YES;
				CLANG_WARN_OBJC_IMPLICIT_RETAIN_SELF = YES;
				CLANG_WARN_OBJC_LITERAL_CONVERSION = YES;
				CLANG_WARN_OBJC_ROOT_CLASS = YES_ERROR;
				CLANG_WARN_QUOTED_INCLUDE_IN_FRAMEWORK_HEADER = YES;
				CLANG_WARN_RANGE_LOOP_ANALYSIS = YES;
				CLANG_WARN_STRICT_PROTOTYPES = YES;
				CLANG_WARN_SUSPICIOUS_MOVE = YES;
				CLANG_WARN_UNGUARDED_AVAILABILITY = YES_AGGRESSIVE;
				CLANG_WARN_UNREACHABLE_CODE = YES;
				CLANG_WARN__DUPLICATE_METHOD_MATCH = YES;
				COPY_PHASE_STRIP = NO;
				DEBUG_INFORMATION_FORMAT = dwarf;
				ENABLE_STRICT_OBJC_MSGSEND = YES;
				ENABLE_TESTABILITY = YES;
				GCC_C_LANGUAGE_STANDARD = gnu11;
				GCC_DYNAMIC_NO_PIC = NO;
				GCC_NO_COMMON_BLOCKS = YES;
				GCC_OPTIMIZATION_LEVEL = 0;
				GCC_PREPROCESSOR_DEFINITIONS = (
					"DEBUG=1",
					"$(inherited)",
				);
				GCC_WARN_64_TO_32_BIT_CONVERSION = YES;
				GCC_WARN_ABOUT_RETURN_TYPE = YES_ERROR;
				GCC_WARN_UNDECLARED_SELECTOR = YES;
				GCC_WARN_UNINITIALIZED_AUTOS = YES_AGGRESSIVE;
				GCC_WARN_UNUSED_FUNCTION = YES;
				GCC_WARN_UNUSED_VARIABLE = YES;
				IPHONEOS_DEPLOYMENT_TARGET = 15.2;
				MTL_ENABLE_DEBUG_INFO = INCLUDE_SOURCE;
				MTL_FAST_MATH = YES;
				ONLY_ACTIVE_ARCH = YES;
				SDKROOT = iphoneos;
				SWIFT_ACTIVE_COMPILATION_CONDITIONS = DEBUG;
				SWIFT_OPTIMIZATION_LEVEL = "-Onone";
			};
			name = Debug;
		};
		46EDC71527C6B8D200B870D7 /* Release */ = {
			isa = XCBuildConfiguration;
			buildSettings = {
				ALWAYS_SEARCH_USER_PATHS = NO;
				CLANG_ANALYZER_NONNULL = YES;
				CLANG_ANALYZER_NUMBER_OBJECT_CONVERSION = YES_AGGRESSIVE;
				CLANG_CXX_LANGUAGE_STANDARD = "gnu++17";
				CLANG_CXX_LIBRARY = "libc++";
				CLANG_ENABLE_MODULES = YES;
				CLANG_ENABLE_OBJC_ARC = YES;
				CLANG_ENABLE_OBJC_WEAK = YES;
				CLANG_WARN_BLOCK_CAPTURE_AUTORELEASING = YES;
				CLANG_WARN_BOOL_CONVERSION = YES;
				CLANG_WARN_COMMA = YES;
				CLANG_WARN_CONSTANT_CONVERSION = YES;
				CLANG_WARN_DEPRECATED_OBJC_IMPLEMENTATIONS = YES;
				CLANG_WARN_DIRECT_OBJC_ISA_USAGE = YES_ERROR;
				CLANG_WARN_DOCUMENTATION_COMMENTS = YES;
				CLANG_WARN_EMPTY_BODY = YES;
				CLANG_WARN_ENUM_CONVERSION = YES;
				CLANG_WARN_INFINITE_RECURSION = YES;
				CLANG_WARN_INT_CONVERSION = YES;
				CLANG_WARN_NON_LITERAL_NULL_CONVERSION = YES;
				CLANG_WARN_OBJC_IMPLICIT_RETAIN_SELF = YES;
				CLANG_WARN_OBJC_LITERAL_CONVERSION = YES;
				CLANG_WARN_OBJC_ROOT_CLASS = YES_ERROR;
				CLANG_WARN_QUOTED_INCLUDE_IN_FRAMEWORK_HEADER = YES;
				CLANG_WARN_RANGE_LOOP_ANALYSIS = YES;
				CLANG_WARN_STRICT_PROTOTYPES = YES;
				CLANG_WARN_SUSPICIOUS_MOVE = YES;
				CLANG_WARN_UNGUARDED_AVAILABILITY = YES_AGGRESSIVE;
				CLANG_WARN_UNREACHABLE_CODE = YES;
				CLANG_WARN__DUPLICATE_METHOD_MATCH = YES;
				COPY_PHASE_STRIP = NO;
				DEBUG_INFORMATION_FORMAT = "dwarf-with-dsym";
				ENABLE_NS_ASSERTIONS = NO;
				ENABLE_STRICT_OBJC_MSGSEND = YES;
				GCC_C_LANGUAGE_STANDARD = gnu11;
				GCC_NO_COMMON_BLOCKS = YES;
				GCC_WARN_64_TO_32_BIT_CONVERSION = YES;
				GCC_WARN_ABOUT_RETURN_TYPE = YES_ERROR;
				GCC_WARN_UNDECLARED_SELECTOR = YES;
				GCC_WARN_UNINITIALIZED_AUTOS = YES_AGGRESSIVE;
				GCC_WARN_UNUSED_FUNCTION = YES;
				GCC_WARN_UNUSED_VARIABLE = YES;
				IPHONEOS_DEPLOYMENT_TARGET = 15.2;
				MTL_ENABLE_DEBUG_INFO = NO;
				MTL_FAST_MATH = YES;
				SDKROOT = iphoneos;
				SWIFT_COMPILATION_MODE = wholemodule;
				SWIFT_OPTIMIZATION_LEVEL = "-O";
				VALIDATE_PRODUCT = YES;
			};
			name = Release;
		};
		46EDC71727C6B8D200B870D7 /* Debug */ = {
			isa = XCBuildConfiguration;
			buildSettings = {
				ASSETCATALOG_COMPILER_APPICON_NAME = AppIcon;
				ASSETCATALOG_COMPILER_GLOBAL_ACCENT_COLOR_NAME = AccentColor;
				CODE_SIGN_ENTITLEMENTS = BasicExample/BasicExample.entitlements;
				CODE_SIGN_STYLE = Automatic;
				CURRENT_PROJECT_VERSION = 1;
				DEVELOPMENT_ASSET_PATHS = "\"BasicExample/Preview Content\"";
				DEVELOPMENT_TEAM = 5GLZKGNWQ3;
				ENABLE_PREVIEWS = YES;
				GENERATE_INFOPLIST_FILE = YES;
				INFOPLIST_FILE = BasicExample/Info.plist;
				INFOPLIST_KEY_UIApplicationSceneManifest_Generation = YES;
				INFOPLIST_KEY_UIApplicationSupportsIndirectInputEvents = YES;
				INFOPLIST_KEY_UILaunchScreen_Generation = YES;
				INFOPLIST_KEY_UISupportedInterfaceOrientations_iPad = "UIInterfaceOrientationPortrait UIInterfaceOrientationPortraitUpsideDown UIInterfaceOrientationLandscapeLeft UIInterfaceOrientationLandscapeRight";
				INFOPLIST_KEY_UISupportedInterfaceOrientations_iPhone = "UIInterfaceOrientationPortrait UIInterfaceOrientationLandscapeLeft UIInterfaceOrientationLandscapeRight";
				LD_RUNPATH_SEARCH_PATHS = (
					"$(inherited)",
					"@executable_path/Frameworks",
				);
				MARKETING_VERSION = 1.0;
				PRODUCT_BUNDLE_IDENTIFIER = com.segment.BasicExample;
				PRODUCT_NAME = "$(TARGET_NAME)";
				SWIFT_EMIT_LOC_STRINGS = YES;
				SWIFT_STRICT_CONCURRENCY = complete;
				SWIFT_VERSION = 5.0;
				TARGETED_DEVICE_FAMILY = "1,2";
			};
			name = Debug;
		};
		46EDC71827C6B8D200B870D7 /* Release */ = {
			isa = XCBuildConfiguration;
			buildSettings = {
				ASSETCATALOG_COMPILER_APPICON_NAME = AppIcon;
				ASSETCATALOG_COMPILER_GLOBAL_ACCENT_COLOR_NAME = AccentColor;
				CODE_SIGN_ENTITLEMENTS = BasicExample/BasicExample.entitlements;
				CODE_SIGN_STYLE = Automatic;
				CURRENT_PROJECT_VERSION = 1;
				DEVELOPMENT_ASSET_PATHS = "\"BasicExample/Preview Content\"";
				DEVELOPMENT_TEAM = 5GLZKGNWQ3;
				ENABLE_PREVIEWS = YES;
				GENERATE_INFOPLIST_FILE = YES;
				INFOPLIST_FILE = BasicExample/Info.plist;
				INFOPLIST_KEY_UIApplicationSceneManifest_Generation = YES;
				INFOPLIST_KEY_UIApplicationSupportsIndirectInputEvents = YES;
				INFOPLIST_KEY_UILaunchScreen_Generation = YES;
				INFOPLIST_KEY_UISupportedInterfaceOrientations_iPad = "UIInterfaceOrientationPortrait UIInterfaceOrientationPortraitUpsideDown UIInterfaceOrientationLandscapeLeft UIInterfaceOrientationLandscapeRight";
				INFOPLIST_KEY_UISupportedInterfaceOrientations_iPhone = "UIInterfaceOrientationPortrait UIInterfaceOrientationLandscapeLeft UIInterfaceOrientationLandscapeRight";
				LD_RUNPATH_SEARCH_PATHS = (
					"$(inherited)",
					"@executable_path/Frameworks",
				);
				MARKETING_VERSION = 1.0;
				PRODUCT_BUNDLE_IDENTIFIER = com.segment.BasicExample;
				PRODUCT_NAME = "$(TARGET_NAME)";
				SWIFT_EMIT_LOC_STRINGS = YES;
				SWIFT_STRICT_CONCURRENCY = complete;
				SWIFT_VERSION = 5.0;
				TARGETED_DEVICE_FAMILY = "1,2";
			};
			name = Release;
		};
/* End XCBuildConfiguration section */

/* Begin XCConfigurationList section */
		46EDC6ED27C6B8D100B870D7 /* Build configuration list for PBXProject "BasicExample" */ = {
			isa = XCConfigurationList;
			buildConfigurations = (
				46EDC71427C6B8D200B870D7 /* Debug */,
				46EDC71527C6B8D200B870D7 /* Release */,
			);
			defaultConfigurationIsVisible = 0;
			defaultConfigurationName = Release;
		};
		46EDC71627C6B8D200B870D7 /* Build configuration list for PBXNativeTarget "BasicExample" */ = {
			isa = XCConfigurationList;
			buildConfigurations = (
				46EDC71727C6B8D200B870D7 /* Debug */,
				46EDC71827C6B8D200B870D7 /* Release */,
			);
			defaultConfigurationIsVisible = 0;
			defaultConfigurationName = Release;
		};
/* End XCConfigurationList section */

/* Begin XCRemoteSwiftPackageReference section */
		46EDC71F27C6B92C00B870D7 /* XCRemoteSwiftPackageReference "analytics-swift" */ = {
			isa = XCRemoteSwiftPackageReference;
			repositoryURL = "https://github.com/segmentio/analytics-swift";
			requirement = {
				branch = main;
				kind = branch;
			};
		};
/* End XCRemoteSwiftPackageReference section */

/* Begin XCSwiftPackageProductDependency section */
		46EDC72027C6B92C00B870D7 /* Segment */ = {
			isa = XCSwiftPackageProductDependency;
			package = 46EDC71F27C6B92C00B870D7 /* XCRemoteSwiftPackageReference "analytics-swift" */;
			productName = Segment;
		};
		70D4F5DD2CC2576F0071AB53 /* SegmentBrazeUI */ = {
			isa = XCSwiftPackageProductDependency;
			productName = SegmentBrazeUI;
		};
		70D4F5DF2CC257BD0071AB53 /* SegmentBraze */ = {
			isa = XCSwiftPackageProductDependency;
			productName = SegmentBraze;
		};
/* End XCSwiftPackageProductDependency section */
	};
	rootObject = 46EDC6EA27C6B8D100B870D7 /* Project object */;
}
