{
  "pins" : [
    {
      "identity" : "analytics-swift",
      "kind" : "remoteSourceControl",
      "location" : "https://github.com/segmentio/analytics-swift",
      "state" : {
        "branch" : "main",
        "revision" : "98f13168a56db726796c9420f02d5b53a258fe40"
      }
    },
    {
      "identity" : "braze-swift-sdk",
      "kind" : "remoteSourceControl",
      "location" : "https://github.com/braze-inc/braze-swift-sdk",
      "state" : {
        "revision" : "e51deeb2f83ccb3d556b809449427b32b1b14c4a",
        "version" : "13.1.0"
      }
    },
    {
      "identity" : "jsonsafeencoding-swift",
      "kind" : "remoteSourceControl",
      "location" : "https://github.com/segmentio/jsonsafeencoding-swift.git",
      "state" : {
        "revision" : "af6a8b360984085e36c6341b21ecb35c12f47ebd",
        "version" : "2.0.0"
      }
    },
    {
      "identity" : "sdwebimage",
      "kind" : "remoteSourceControl",
      "location" : "https://github.com/SDWebImage/SDWebImage.git",
      "state" : {
        "revision" : "b62cb63bf4ed1f04c961a56c9c6c9d5ab8524ec6",
        "version" : "5.21.1"
      }
    },
    {
      "identity" : "sovran-swift",
      "kind" : "remoteSourceControl",
      "location" : "https://github.com/segmentio/sovran-swift.git",
      "state" : {
        "revision" : "a342b905f6baa64499cabdf61ccc185ec476b7b2",
        "version" : "1.1.1"
      }
    }
  ],
  "version" : 2
}
